{
2  "name": "my-vercel-project",
3  "version": "1.0.0",
4  "lockfileVersion": 3,
5  "requires": true,
6  "packages": {
7    "": {
8      "name": "my-vercel-project",
9      "version": "1.0.0",
10      "license": "ISC",
11      "dependencies": {
12        "github-api": "^3.4.0",
13        "openai": "^3.2.1"
14      }
15    },
16    "node_modules/asynckit": {
17      "version": "0.4.0",
18      "resolved": "https://registry.npmjs.org/asynckit/-/asynckit-0.4.0.tgz",
19      "integrity": "sha512-Oei9OH4tRh0YqU3GxhX79dM/mwVgvbZJaSNaRk+bshkj0S5cfHcgYakreBjrHwatXKbz+IoIdYLxrKim2MjW0Q=="
20    },
21    "node_modules/axios": {
22      "version": "0.21.4",
23      "resolved": "https://registry.npmjs.org/axios/-/axios-0.21.4.tgz",
24      "integrity": "sha512-ut5vewkiu8jjGBdqpM44XxjuCjq9LAKeHVmoVfHVzy8eHgxxq8SbAVQNovDA8mVi05kP0Ea/n/UzcSHcTJQfNg==",
25      "dependencies": {
26        "follow-redirects": "^1.14.0"
27      }
28    },
29    "node_modules/combined-stream": {
30      "version": "1.0.8",
31      "resolved": "https://registry.npmjs.org/combined-stream/-/combined-stream-1.0.8.tgz",
32      "integrity": "sha512-FQN4MRfuJeHf7cBbBMJFXhKSDq+2kAArBlmRBvcvFE5BB1HZKXtSFASDhdlz9zOYwxh8lDdnvmMOe/+5cdoEdg==",
33      "dependencies": {
34        "delayed-stream": "~1.0.0"
35      },
36      "engines": {
37        "node": ">= 0.8"
38      }
39    },
40    "node_modules/debug": {
41      "version": "2.6.9",
42      "resolved": "https://registry.npmjs.org/debug/-/debug-2.6.9.tgz",
43      "integrity": "sha512-bC7ElrdJaJnPbAP+1EotYvqZsb3ecl5wi6Bfi6BJTUcNowp6cvspg0jXznRTKDjm/E7AdgFBVeAPVMNcKGsHMA==",
44      "dependencies": {
45        "ms": "2.0.0"
46      }
47    },
48    "node_modules/delayed-stream": {
49      "version": "1.0.0",
50      "resolved": "https://registry.npmjs.org/delayed-stream/-/delayed-stream-1.0.0.tgz",
51      "integrity": "sha512-ZySD7Nf91aLB0RxL4KGrKHBXl7Eds1DAmEdcoVawXnLD7SDhpNgtuII2aAkg7a7QS41jxPSZ17p4VdGnMHk3MQ==",
52      "engines": {
53        "node": ">=0.4.0"
54      }
55    },
56    "node_modules/follow-redirects": {
57      "version": "1.15.2",
58      "resolved": "https://registry.npmjs.org/follow-redirects/-/follow-redirects-1.15.2.tgz",
59      "integrity": "sha512-VQLG33o04KaQ8uYi2tVNbdrWp1QWxNNea+nmIB4EVM28v0hmP17z7aG1+wAkNzVq4KeXTq3221ye5qTJP91JwA==",
60      "funding": [
61        {
62          "type": "individual",
63          "url": "https://github.com/sponsors/RubenVerborgh"
64        }
65      ],
66      "engines": {
67        "node": ">=4.0"
68      },
69      "peerDependenciesMeta": {
70        "debug": {
71          "optional": true
72        }
73      }
74    },
75    "node_modules/form-data": {
76      "version": "4.0.0",
77      "resolved": "https://registry.npmjs.org/form-data/-/form-data-4.0.0.tgz",
78      "integrity": "sha512-ETEklSGi5t0QMZuiXoA/Q6vcnxcLQP5vdugSpuAyi6SVGi2clPPp+xgEhuMaHC+zGgn31Kd235W35f7Hykkaww==",
79      "dependencies": {
80        "asynckit": "^0.4.0",
81        "combined-stream": "^1.0.8",
82        "mime-types": "^2.1.12"
83      },
84      "engines": {
85        "node": ">= 6"
86      }
87    },
88    "node_modules/github-api": {
89      "version": "3.4.0",
90      "resolved": "https://registry.npmjs.org/github-api/-/github-api-3.4.0.tgz",
91      "integrity": "sha512-2yYqYS6Uy4br1nw0D3VrlYWxtGTkUhIZrumBrcBwKdBOzMT8roAe8IvI6kjIOkxqxapKR5GkEsHtz3Du/voOpA==",
92      "dependencies": {
93        "axios": "^0.21.1",
94        "debug": "^2.2.0",
95        "js-base64": "^2.1.9",
96        "utf8": "^2.1.1"
97      }
98    },
99    "node_modules/js-base64": {
100      "version": "2.6.4",
101      "resolved": "https://registry.npmjs.org/js-base64/-/js-base64-2.6.4.tgz",
102      "integrity": "sha512-pZe//GGmwJndub7ZghVHz7vjb2LgC1m8B07Au3eYqeqv9emhESByMXxaEgkUkEqJe87oBbSniGYoQNIBklc7IQ=="
103    },
104    "node_modules/mime-db": {
105      "version": "1.52.0",
106      "resolved": "https://registry.npmjs.org/mime-db/-/mime-db-1.52.0.tgz",
107      "integrity": "sha512-sPU4uV7dYlvtWJxwwxHD0PuihVNiE7TyAbQ5SWxDCB9mUYvOgroQOwYQQOKPJ8CIbE+1ETVlOoK1UC2nU3gYvg==",
108      "engines": {
109        "node": ">= 0.6"
110      }
111    },
112    "node_modules/mime-types": {
113      "version": "2.1.35",
114      "resolved": "https://registry.npmjs.org/mime-types/-/mime-types-2.1.35.tgz",
115      "integrity": "sha512-ZDY+bPm5zTTF+YpCrAU9nK0UgICYPT0QtT1NZWFv4s++TNkcgVaT0g6+4R2uI4MjQjzysHB1zxuWL50hzaeXiw==",
116      "dependencies": {
117        "mime-db": "1.52.0"
118      },
119      "engines": {
120        "node": ">= 0.6"
121      }
122    },
123    "node_modules/ms": {
124      "version": "2.0.0",
125      "resolved": "https://registry.npmjs.org/ms/-/ms-2.0.0.tgz",
126      "integrity": "sha512-Tpp60P6IUJDTuOq/5Z8cdskzJujfwqfOTkrwIwj7IRISpnkJnT6SyJ4PCPnGMoFjC9ddhal5KVIYtAt97ix05A=="
127    },
128    "node_modules/openai": {
129      "version": "3.2.1",
130      "resolved": "https://registry.npmjs.org/openai/-/openai-3.2.1.tgz",
131      "integrity": "sha512-762C9BNlJPbjjlWZi4WYK9iM2tAVAv0uUp1UmI34vb0CN5T2mjB/qM6RYBmNKMh/dN9fC+bxqPwWJZUTWW052A==",
132      "dependencies": {
133        "axios": "^0.26.0",
134        "form-data": "^4.0.0"
135      }
136    },
137    "node_modules/openai/node_modules/axios": {
138      "version": "0.26.1",
139      "resolved": "https://registry.npmjs.org/axios/-/axios-0.26.1.tgz",
140      "integrity": "sha512-fPwcX4EvnSHuInCMItEhAGnaSEXRBjtzh9fOtsE6E1G6p7vl7edEeZe11QHf18+6+9gR5PbKV/sGKNaD8YaMeA==",
141      "dependencies": {
142        "follow-redirects": "^1.14.8"
143      }
144    },
145    "node_modules/utf8": {
146      "version": "2.1.2",
147      "resolved": "https://registry.npmjs.org/utf8/-/utf8-2.1.2.tgz",
148      "integrity": "sha512-QXo+O/QkLP/x1nyi54uQiG0XrODxdysuQvE5dtVqv7F5K2Qb6FsN+qbr6KhF5wQ20tfcV3VQp0/2x1e1MRSPWg=="
149    }
150  }
151}
152
